// !$*UTF8*$!
{
	archiveVersion = 1;
	classes = {
	};
	objectVersion = 77;
	objects = {

/* Begin PBXBuildFile section */
		087B5D76C3337CEFE52A857B /* WidgetAssets.xcassets in Resources */ = {isa = PBXBuildFile; fileRef = C97F41BB91708097EEB4906F /* WidgetAssets.xcassets */; };
		9C3DA9710F45B6C950B6DD8B /* WellNewsWidget.swift in Sources */ = {isa = PBXBuildFile; fileRef = 5075FBD8AF69F47B253777B6 /* WellNewsWidget.swift */; };
		AF17BD3AB24DCF28B0BDB262 /* Article.swift in Sources */ = {isa = PBXBuildFile; fileRef = DC50713CB7ACBF262FECF730 /* Article.swift */; };
		B7C0F709233AE2EAD062A692 /* GoogleMobileAds in Frameworks */ = {isa = PBXBuildFile; productRef = 2F06FEA14477D5B2EE04A045 /* GoogleMobileAds */; };
		C0F8FAD85323AA5A6DC2A30A /* Foundation.framework in Frameworks */ = {isa = PBXBuildFile; fileRef = 5DA5D1A419BD1D853BE39594 /* Foundation.framework */; };
		DB1545992DB56BD7658ED2E6 /* WellNewsWidget.appex in Embed App Extensions */ = {isa = PBXBuildFile; fileRef = 199DC3290553756C98389A2A /* WellNewsWidget.appex */; settings = {ATTRIBUTES = (RemoveHeadersOnCopy, ); }; };
/* End PBXBuildFile section */

/* Begin PBXContainerItemProxy section */
		ACDA4917C37C968874A4E973 /* PBXContainerItemProxy */ = {
			isa = PBXContainerItemProxy;
			containerPortal = 142A63932FCF7308002D501F /* Project object */;
			proxyType = 1;
			remoteGlobalIDString = DE402FA13FF542A3C4A5C972;
			remoteInfo = WellNewsWidget;
		};
/* End PBXContainerItemProxy section */

/* Begin PBXCopyFilesBuildPhase section */
		588956168095A9E981D7D90A /* Embed App Extensions */ = {
			isa = PBXCopyFilesBuildPhase;
			buildActionMask = 2147483647;
			dstPath = "";
			dstSubfolderSpec = 13;
			files = (
				DB1545992DB56BD7658ED2E6 /* WellNewsWidget.appex in Embed App Extensions */,
			);
			name = "Embed App Extensions";
			runOnlyForDeploymentPostprocessing = 0;
		};
/* End PBXCopyFilesBuildPhase section */

/* Begin PBXFileReference section */
		020BC5DE0DF535FE946550BC /* WellNewsWidget.swift */ = {isa = PBXFileReference; includeInIndex = 1; lastKnownFileType = sourcecode.swift; path = WellNewsWidget.swift; sourceTree = "<group>"; };
		142A639B2FCF7308002D501F /* WellNews.app */ = {isa = PBXFileReference; explicitFileType = wrapper.application; includeInIndex = 0; path = WellNews.app; sourceTree = BUILT_PRODUCTS_DIR; };
		199DC3290553756C98389A2A /* WellNewsWidget.appex */ = {isa = PBXFileReference; explicitFileType = "wrapper.app-extension"; includeInIndex = 0; path = WellNewsWidget.appex; sourceTree = BUILT_PRODUCTS_DIR; };
		3CAC9FDB3C3F01AB33F7E935 /* Info.plist */ = {isa = PBXFileReference; includeInIndex = 1; lastKnownFileType = text.plist.xml; path = Info.plist; sourceTree = "<group>"; };
		4426A4954A5877712E151783 /* WidgetAssets.xcassets */ = {isa = PBXFileReference; includeInIndex = 1; lastKnownFileType = folder.assetcatalog; path = WidgetAssets.xcassets; sourceTree = "<group>"; };
		5075FBD8AF69F47B253777B6 /* WellNewsWidget.swift */ = {isa = PBXFileReference; includeInIndex = 1; lastKnownFileType = sourcecode.swift; path = WellNewsWidget.swift; sourceTree = "<group>"; };
		5DA5D1A419BD1D853BE39594 /* Foundation.framework */ = {isa = PBXFileReference; lastKnownFileType = wrapper.framework; name = Foundation.framework; path = Platforms/iPhoneOS.platform/Developer/SDKs/iPhoneOS18.0.sdk/System/Library/Frameworks/Foundation.framework; sourceTree = DEVELOPER_DIR; };
		60FFE37B4E1333EEA09E49C6 /* WellNewsWidget.swift */ = {isa = PBXFileReference; includeInIndex = 1; lastKnownFileType = sourcecode.swift; path = WellNewsWidget.swift; sourceTree = "<group>"; };
		636554FE156D568DE82AFDE8 /* Info.plist */ = {isa = PBXFileReference; includeInIndex = 1; lastKnownFileType = text.plist.xml; path = Info.plist; sourceTree = "<group>"; };
		C97F41BB91708097EEB4906F /* WidgetAssets.xcassets */ = {isa = PBXFileReference; includeInIndex = 1; lastKnownFileType = folder.assetcatalog; path = WidgetAssets.xcassets; sourceTree = "<group>"; };
		DC50713CB7ACBF262FECF730 /* Article.swift */ = {isa = PBXFileReference; includeInIndex = 1; lastKnownFileType = sourcecode.swift; name = Article.swift; path = WellNews/Models/Article.swift; sourceTree = "<group>"; };
		EF99F7060F4859808E026494 /* WellNewsWidget.swift */ = {isa = PBXFileReference; includeInIndex = 1; lastKnownFileType = sourcecode.swift; path = WellNewsWidget.swift; sourceTree = "<group>"; };
		FD7E2FF3C5E74E56D252BA9C /* Info.plist */ = {isa = PBXFileReference; includeInIndex = 1; lastKnownFileType = text.plist.xml; path = Info.plist; sourceTree = "<group>"; };
/* End PBXFileReference section */

/* Begin PBXFileSystemSynchronizedBuildFileExceptionSet section */
		14009F792FD0107A00A0E312 /* Exceptions for "WellNews" folder in "WellNews" target */ = {
			isa = PBXFileSystemSynchronizedBuildFileExceptionSet;
			membershipExceptions = (
				Info.plist,
			);
			target = 142A639A2FCF7308002D501F /* WellNews */;
		};
/* End PBXFileSystemSynchronizedBuildFileExceptionSet section */

/* Begin PBXFileSystemSynchronizedRootGroup section */
		142A639D2FCF7308002D501F /* WellNews */ = {
			isa = PBXFileSystemSynchronizedRootGroup;
			exceptions = (
				14009F792FD0107A00A0E312 /* Exceptions for "WellNews" folder in "WellNews" target */,
			);
			path = WellNews;
			sourceTree = "<group>";
		};
/* End PBXFileSystemSynchronizedRootGroup section */

/* Begin PBXFrameworksBuildPhase section */
		142A63982FCF7308002D501F /* Frameworks */ = {
			isa = PBXFrameworksBuildPhase;
			buildActionMask = 2147483647;
			files = (
				B7C0F709233AE2EAD062A692 /* GoogleMobileAds in Frameworks */,
			);
			runOnlyForDeploymentPostprocessing = 0;
		};
		42B39C80F3DDD388089F7440 /* Frameworks */ = {
			isa = PBXFrameworksBuildPhase;
			buildActionMask = 2147483647;
			files = (
				C0F8FAD85323AA5A6DC2A30A /* Foundation.framework in Frameworks */,
			);
			runOnlyForDeploymentPostprocessing = 0;
		};
/* End PBXFrameworksBuildPhase section */

/* Begin PBXGroup section */
		097A289E3489D8F77808AF1D /* WellNewsWidget */ = {
			isa = PBXGroup;
			children = (
				020BC5DE0DF535FE946550BC /* WellNewsWidget.swift */,
				3CAC9FDB3C3F01AB33F7E935 /* Info.plist */,
			);
			path = WellNewsWidget;
			sourceTree = "<group>";
		};
		0981521483B948F99A0F9D54 /* WellNewsWidget */ = {
			isa = PBXGroup;
			children = (
				5075FBD8AF69F47B253777B6 /* WellNewsWidget.swift */,
			);
			path = WellNewsWidget;
			sourceTree = "<group>";
		};
		142A63922FCF7308002D501F = {
			isa = PBXGroup;
			children = (
				142A639D2FCF7308002D501F /* WellNews */,
				142A639C2FCF7308002D501F /* Products */,
				ADA1772D5DCE943E38DE84B2 /* Frameworks */,
				0981521483B948F99A0F9D54 /* WellNewsWidget */,
				DC50713CB7ACBF262FECF730 /* Article.swift */,
				097A289E3489D8F77808AF1D /* WellNewsWidget */,
				79F41D895BAB13026D075FC8 /* WellNewsWidget */,
				88E8592EC9C701268F6F7572 /* WellNewsWidget */,
			);
			sourceTree = "<group>";
		};
		142A639C2FCF7308002D501F /* Products */ = {
			isa = PBXGroup;
			children = (
				142A639B2FCF7308002D501F /* WellNews.app */,
				199DC3290553756C98389A2A /* WellNewsWidget.appex */,
			);
			name = Products;
			sourceTree = "<group>";
		};
		79F41D895BAB13026D075FC8 /* WellNewsWidget */ = {
			isa = PBXGroup;
			children = (
				EF99F7060F4859808E026494 /* WellNewsWidget.swift */,
				FD7E2FF3C5E74E56D252BA9C /* Info.plist */,
				C97F41BB91708097EEB4906F /* WidgetAssets.xcassets */,
			);
			path = WellNewsWidget;
			sourceTree = "<group>";
		};
		88E8592EC9C701268F6F7572 /* WellNewsWidget */ = {
			isa = PBXGroup;
			children = (
				60FFE37B4E1333EEA09E49C6 /* WellNewsWidget.swift */,
				636554FE156D568DE82AFDE8 /* Info.plist */,
				4426A4954A5877712E151783 /* WidgetAssets.xcassets */,
			);
			path = WellNewsWidget;
			sourceTree = "<group>";
		};
		ADA1772D5DCE943E38DE84B2 /* Frameworks */ = {
			isa = PBXGroup;
			children = (
				D0A818FD4245134191C7D83C /* iOS */,
			);
			name = Frameworks;
			sourceTree = "<group>";
		};
		D0A818FD4245134191C7D83C /* iOS */ = {
			isa = PBXGroup;
			children = (
				5DA5D1A419BD1D853BE39594 /* Foundation.framework */,
			);
			name = iOS;
			sourceTree = "<group>";
		};
/* End PBXGroup section */

/* Begin PBXNativeTarget section */
		142A639A2FCF7308002D501F /* WellNews */ = {
			isa = PBXNativeTarget;
			buildConfigurationList = 142A63A62FCF7309002D501F /* Build configuration list for PBXNativeTarget "WellNews" */;
			buildPhases = (
				142A63972FCF7308002D501F /* Sources */,
				142A63982FCF7308002D501F /* Frameworks */,
				142A63992FCF7308002D501F /* Resources */,
				588956168095A9E981D7D90A /* Embed App Extensions */,
			);
			buildRules = (
			);
			dependencies = (
				7E8AA835030ACE99BD401255 /* PBXTargetDependency */,
			);
			fileSystemSynchronizedGroups = (
				142A639D2FCF7308002D501F /* WellNews */,
			);
			name = WellNews;
			packageProductDependencies = (
				2F06FEA14477D5B2EE04A045 /* GoogleMobileAds */,
			);
			productName = WellNews;
			productReference = 142A639B2FCF7308002D501F /* WellNews.app */;
			productType = "com.apple.product-type.application";
		};
		DE402FA13FF542A3C4A5C972 /* WellNewsWidget */ = {
			isa = PBXNativeTarget;
			buildConfigurationList = E0762F3F309AAEB5B61D1A7B /* Build configuration list for PBXNativeTarget "WellNewsWidget" */;
			buildPhases = (
				B7EABF735515AFCEF9901F12 /* Sources */,
				42B39C80F3DDD388089F7440 /* Frameworks */,
				8CF354EB5B487DD48D7D203B /* Resources */,
			);
			buildRules = (
			);
			dependencies = (
			);
			name = WellNewsWidget;
			productName = WellNewsWidget;
			productReference = 199DC3290553756C98389A2A /* WellNewsWidget.appex */;
			productType = "com.apple.product-type.app-extension";
		};
/* End PBXNativeTarget section */

/* Begin PBXProject section */
		142A63932FCF7308002D501F /* Project object */ = {
			isa = PBXProject;
			attributes = {
				BuildIndependentTargetsInParallel = 1;
				LastSwiftUpdateCheck = 2650;
				LastUpgradeCheck = 2650;
				TargetAttributes = {
					142A639A2FCF7308002D501F = {
						CreatedOnToolsVersion = 26.5;
					};
				};
			};
			buildConfigurationList = 142A63962FCF7308002D501F /* Build configuration list for PBXProject "WellNews" */;
			developmentRegion = en;
			hasScannedForEncodings = 0;
			knownRegions = (
				en,
				Base,
			);
			mainGroup = 142A63922FCF7308002D501F;
			minimizedProjectReferenceProxies = 1;
			packageReferences = (
				072DD845FC49384BE5A72588 /* XCRemoteSwiftPackageReference "swift-package-manager-google-mobile-ads" */,
			);
			preferredProjectObjectVersion = 77;
			productRefGroup = 142A639C2FCF7308002D501F /* Products */;
			projectDirPath = "";
			projectRoot = "";
			targets = (
				142A639A2FCF7308002D501F /* WellNews */,
				DE402FA13FF542A3C4A5C972 /* WellNewsWidget */,
			);
		};
/* End PBXProject section */

/* Begin PBXResourcesBuildPhase section */
		142A63992FCF7308002D501F /* Resources */ = {
			isa = PBXResourcesBuildPhase;
			buildActionMask = 2147483647;
			files = (
			);
			runOnlyForDeploymentPostprocessing = 0;
		};
		8CF354EB5B487DD48D7D203B /* Resources */ = {
			isa = PBXResourcesBuildPhase;
			buildActionMask = 2147483647;
			files = (
				087B5D76C3337CEFE52A857B /* WidgetAssets.xcassets in Resources */,
			);
			runOnlyForDeploymentPostprocessing = 0;
		};
/* End PBXResourcesBuildPhase section */

/* Begin PBXSourcesBuildPhase section */
		142A63972FCF7308002D501F /* Sources */ = {
			isa = PBXSourcesBuildPhase;
			buildActionMask = 2147483647;
			files = (
			);
			runOnlyForDeploymentPostprocessing = 0;
		};
		B7EABF735515AFCEF9901F12 /* Sources */ = {
			isa = PBXSourcesBuildPhase;
			buildActionMask = 2147483647;
			files = (
				9C3DA9710F45B6C950B6DD8B /* WellNewsWidget.swift in Sources */,
				AF17BD3AB24DCF28B0BDB262 /* Article.swift in Sources */,
			);
			runOnlyForDeploymentPostprocessing = 0;
		};
/* End PBXSourcesBuildPhase section */

/* Begin PBXTargetDependency section */
		7E8AA835030ACE99BD401255 /* PBXTargetDependency */ = {
			isa = PBXTargetDependency;
			name = WellNewsWidget;
			target = DE402FA13FF542A3C4A5C972 /* WellNewsWidget */;
			targetProxy = ACDA4917C37C968874A4E973 /* PBXContainerItemProxy */;
		};
/* End PBXTargetDependency section */

/* Begin XCBuildConfiguration section */
		08889333CB36A031DB116E5C /* Release */ = {
			isa = XCBuildConfiguration;
			buildSettings = {
				CLANG_ENABLE_OBJC_WEAK = NO;
				CODE_SIGN_ENTITLEMENTS = WellNewsWidget/WellNewsWidget.entitlements;
				CODE_SIGN_STYLE = Automatic;
				DEVELOPMENT_TEAM = 2595AXVHS5;
				GENERATE_INFOPLIST_FILE = NO;
				INFOPLIST_FILE = WellNewsWidget/Info.plist;
				INFOPLIST_KEY_CFBundleDisplayName = WellNewsWidget;
				INFOPLIST_KEY_NSExtension_NSExtensionPointIdentifier = "com.apple.widgetkit-extension";
				IPHONEOS_DEPLOYMENT_TARGET = 17.0;
				LD_RUNPATH_SEARCH_PATHS = (
					"$(inherited)",
					"@executable_path/Frameworks",
					"@executable_path/../../Frameworks",
				);
				PRODUCT_BUNDLE_IDENTIFIER = jp.junya.WellNews.WellNewsWidget;
				PRODUCT_NAME = WellNewsWidget;
				SDKROOT = iphoneos;
				SKIP_INSTALL = YES;
				SWIFT_VERSION = 5.0;
				TARGETED_DEVICE_FAMILY = "1,2";
				VALIDATE_PRODUCT = YES;
				WRAPPER_EXTENSION = appex;
			};
			name = Release;
		};
		142A63A42FCF7309002D501F /* Debug */ = {
			isa = XCBuildConfiguration;
			buildSettings = {
				ALWAYS_SEARCH_USER_PATHS = NO;
				ASSETCATALOG_COMPILER_GENERATE_SWIFT_ASSET_SYMBOL_EXTENSIONS = YES;
				CLANG_ANALYZER_NONNULL = YES;
				CLANG_ANALYZER_NUMBER_OBJECT_CONVERSION = YES_AGGRESSIVE;
				CLANG_CXX_LANGUAGE_STANDARD = "gnu++20";
				CLANG_ENABLE_MODULES = YES;
				CLANG_ENABLE_OBJC_ARC = YES;
				CLANG_ENABLE_OBJC_WEAK = YES;
				CLANG_WARN_BLOCK_CAPTURE_AUTORELEASING = YES;
				CLANG_WARN_BOOL_CONVERSION = YES;
				CLANG_WARN_COMMA = YES;
				CLANG_WARN_CONSTANT_CONVERSION = YES;
				CLANG_WARN_DEPRECATED_OBJC_IMPLEMENTATIONS = YES;
				CLANG_WARN_DIRECT_OBJC_ISA_USAGE = YES_ERROR;
				CLANG_WARN_DOCUMENTATION_COMMENTS = YES;
				CLANG_WARN_EMPTY_BODY = YES;
				CLANG_WARN_ENUM_CONVERSION = YES;
				CLANG_WARN_INFINITE_RECURSION = YES;
				CLANG_WARN_INT_CONVERSION = YES;
				CLANG_WARN_NON_LITERAL_NULL_CONVERSION = YES;
				CLANG_WARN_OBJC_IMPLICIT_RETAIN_SELF = YES;
				CLANG_WARN_OBJC_LITERAL_CONVERSION = YES;
				CLANG_WARN_OBJC_ROOT_CLASS = YES_ERROR;
				CLANG_WARN_QUOTED_INCLUDE_IN_FRAMEWORK_HEADER = YES;
				CLANG_WARN_RANGE_LOOP_ANALYSIS = YES;
				CLANG_WARN_STRICT_PROTOTYPES = YES;
				CLANG_WARN_SUSPICIOUS_MOVE = YES;
				CLANG_WARN_UNGUARDED_AVAILABILITY = YES_AGGRESSIVE;
				CLANG_WARN_UNREACHABLE_CODE = YES;
				CLANG_WARN__DUPLICATE_METHOD_MATCH = YES;
				COPY_PHASE_STRIP = NO;
				DEBUG_INFORMATION_FORMAT = dwarf;
				DEVELOPMENT_TEAM = 2595AXVHS5;
				ENABLE_STRICT_OBJC_MSGSEND = YES;
				ENABLE_TESTABILITY = YES;
				ENABLE_USER_SCRIPT_SANDBOXING = YES;
				GCC_C_LANGUAGE_STANDARD = gnu17;
				GCC_DYNAMIC_NO_PIC = NO;
				GCC_NO_COMMON_BLOCKS = YES;
				GCC_OPTIMIZATION_LEVEL = 0;
				GCC_PREPROCESSOR_DEFINITIONS = (
					"DEBUG=1",
					"$(inherited)",
				);
				GCC_WARN_64_TO_32_BIT_CONVERSION = YES;
				GCC_WARN_ABOUT_RETURN_TYPE = YES_ERROR;
				GCC_WARN_UNDECLARED_SELECTOR = YES;
				GCC_WARN_UNINITIALIZED_AUTOS = YES_AGGRESSIVE;
				GCC_WARN_UNUSED_FUNCTION = YES;
				GCC_WARN_UNUSED_VARIABLE = YES;
				IPHONEOS_DEPLOYMENT_TARGET = 17.0;
				LOCALIZATION_PREFERS_STRING_CATALOGS = YES;
				MTL_ENABLE_DEBUG_INFO = INCLUDE_SOURCE;
				MTL_FAST_MATH = YES;
				ONLY_ACTIVE_ARCH = YES;
				SDKROOT = iphoneos;
				SWIFT_ACTIVE_COMPILATION_CONDITIONS = "DEBUG $(inherited)";
				SWIFT_OPTIMIZATION_LEVEL = "-Onone";
			};
			name = Debug;
		};
		142A63A52FCF7309002D501F /* Release */ = {
			isa = XCBuildConfiguration;
			buildSettings = {
				ALWAYS_SEARCH_USER_PATHS = NO;
				ASSETCATALOG_COMPILER_GENERATE_SWIFT_ASSET_SYMBOL_EXTENSIONS = YES;
				CLANG_ANALYZER_NONNULL = YES;
				CLANG_ANALYZER_NUMBER_OBJECT_CONVERSION = YES_AGGRESSIVE;
				CLANG_CXX_LANGUAGE_STANDARD = "gnu++20";
				CLANG_ENABLE_MODULES = YES;
				CLANG_ENABLE_OBJC_ARC = YES;
				CLANG_ENABLE_OBJC_WEAK = YES;
				CLANG_WARN_BLOCK_CAPTURE_AUTORELEASING = YES;
				CLANG_WARN_BOOL_CONVERSION = YES;
				CLANG_WARN_COMMA = YES;
				CLANG_WARN_CONSTANT_CONVERSION = YES;
				CLANG_WARN_DEPRECATED_OBJC_IMPLEMENTATIONS = YES;
				CLANG_WARN_DIRECT_OBJC_ISA_USAGE = YES_ERROR;
				CLANG_WARN_DOCUMENTATION_COMMENTS = YES;
				CLANG_WARN_EMPTY_BODY = YES;
				CLANG_WARN_ENUM_CONVERSION = YES;
				CLANG_WARN_INFINITE_RECURSION = YES;
				CLANG_WARN_INT_CONVERSION = YES;
				CLANG_WARN_NON_LITERAL_NULL_CONVERSION = YES;
				CLANG_WARN_OBJC_IMPLICIT_RETAIN_SELF = YES;
				CLANG_WARN_OBJC_LITERAL_CONVERSION = YES;
				CLANG_WARN_OBJC_ROOT_CLASS = YES_ERROR;
				CLANG_WARN_QUOTED_INCLUDE_IN_FRAMEWORK_HEADER = YES;
				CLANG_WARN_RANGE_LOOP_ANALYSIS = YES;
				CLANG_WARN_STRICT_PROTOTYPES = YES;
				CLANG_WARN_SUSPICIOUS_MOVE = YES;
				CLANG_WARN_UNGUARDED_AVAILABILITY = YES_AGGRESSIVE;
				CLANG_WARN_UNREACHABLE_CODE = YES;
				CLANG_WARN__DUPLICATE_METHOD_MATCH = YES;
				COPY_PHASE_STRIP = NO;
				DEBUG_INFORMATION_FORMAT = "dwarf-with-dsym";
				DEVELOPMENT_TEAM = 2595AXVHS5;
				ENABLE_NS_ASSERTIONS = NO;
				ENABLE_STRICT_OBJC_MSGSEND = YES;
				ENABLE_USER_SCRIPT_SANDBOXING = YES;
				GCC_C_LANGUAGE_STANDARD = gnu17;
				GCC_NO_COMMON_BLOCKS = YES;
				GCC_WARN_64_TO_32_BIT_CONVERSION = YES;
				GCC_WARN_ABOUT_RETURN_TYPE = YES_ERROR;
				GCC_WARN_UNDECLARED_SELECTOR = YES;
				GCC_WARN_UNINITIALIZED_AUTOS = YES_AGGRESSIVE;
				GCC_WARN_UNUSED_FUNCTION = YES;
				GCC_WARN_UNUSED_VARIABLE = YES;
				IPHONEOS_DEPLOYMENT_TARGET = 17.0;
				LOCALIZATION_PREFERS_STRING_CATALOGS = YES;
				MTL_ENABLE_DEBUG_INFO = NO;
				MTL_FAST_MATH = YES;
				SDKROOT = iphoneos;
				SWIFT_COMPILATION_MODE = wholemodule;
				VALIDATE_PRODUCT = YES;
			};
			name = Release;
		};
		142A63A72FCF7309002D501F /* Debug */ = {
			isa = XCBuildConfiguration;
			buildSettings = {
				ASSETCATALOG_COMPILER_APPICON_NAME = AppIcon;
				ASSETCATALOG_COMPILER_GLOBAL_ACCENT_COLOR_NAME = AccentColor;
				CODE_SIGN_ENTITLEMENTS = WellNews/WellNews.entitlements;
				CODE_SIGN_STYLE = Automatic;
				CURRENT_PROJECT_VERSION = 2;
				DEVELOPMENT_TEAM = 2595AXVHS5;
				ENABLE_PREVIEWS = YES;
				GENERATE_INFOPLIST_FILE = YES;
				INFOPLIST_FILE = WellNews/Info.plist;
				INFOPLIST_KEY_UIApplicationSceneManifest_Generation = YES;
				INFOPLIST_KEY_UIApplicationSupportsIndirectInputEvents = YES;
				INFOPLIST_KEY_UIBackgroundModes = audio;
				INFOPLIST_KEY_UILaunchScreen_Generation = YES;
				INFOPLIST_KEY_UISupportedInterfaceOrientations_iPad = "UIInterfaceOrientationPortrait UIInterfaceOrientationPortraitUpsideDown UIInterfaceOrientationLandscapeLeft UIInterfaceOrientationLandscapeRight";
				INFOPLIST_KEY_UISupportedInterfaceOrientations_iPhone = "UIInterfaceOrientationPortrait UIInterfaceOrientationLandscapeLeft UIInterfaceOrientationLandscapeRight";
				IPHONEOS_DEPLOYMENT_TARGET = 17.0;
				LD_RUNPATH_SEARCH_PATHS = (
					"$(inherited)",
					"@executable_path/Frameworks",
				);
				MARKETING_VERSION = 1.0;
				PRODUCT_BUNDLE_IDENTIFIER = jp.junya.WellNews;
				PRODUCT_NAME = "$(TARGET_NAME)";
				STRING_CATALOG_GENERATE_SYMBOLS = YES;
				SWIFT_APPROACHABLE_CONCURRENCY = YES;
				SWIFT_DEFAULT_ACTOR_ISOLATION = MainActor;
				SWIFT_EMIT_LOC_STRINGS = YES;
				SWIFT_UPCOMING_FEATURE_MEMBER_IMPORT_VISIBILITY = YES;
				SWIFT_VERSION = 5.0;
				TARGETED_DEVICE_FAMILY = "1,2";
			};
			name = Debug;
		};
		142A63A82FCF7309002D501F /* Release */ = {
			isa = XCBuildConfiguration;
			buildSettings = {
				ASSETCATALOG_COMPILER_APPICON_NAME = AppIcon;
				ASSETCATALOG_COMPILER_GLOBAL_ACCENT_COLOR_NAME = AccentColor;
				CODE_SIGN_ENTITLEMENTS = WellNews/WellNews.entitlements;
				CODE_SIGN_STYLE = Automatic;
				CURRENT_PROJECT_VERSION = 2;
				DEVELOPMENT_TEAM = 2595AXVHS5;
				ENABLE_PREVIEWS = YES;
				GENERATE_INFOPLIST_FILE = YES;
				INFOPLIST_FILE = WellNews/Info.plist;
				INFOPLIST_KEY_UIApplicationSceneManifest_Generation = YES;
				INFOPLIST_KEY_UIApplicationSupportsIndirectInputEvents = YES;
				INFOPLIST_KEY_UIBackgroundModes = audio;
				INFOPLIST_KEY_UILaunchScreen_Generation = YES;
				INFOPLIST_KEY_UISupportedInterfaceOrientations_iPad = "UIInterfaceOrientationPortrait UIInterfaceOrientationPortraitUpsideDown UIInterfaceOrientationLandscapeLeft UIInterfaceOrientationLandscapeRight";
				INFOPLIST_KEY_UISupportedInterfaceOrientations_iPhone = "UIInterfaceOrientationPortrait UIInterfaceOrientationLandscapeLeft UIInterfaceOrientationLandscapeRight";
				IPHONEOS_DEPLOYMENT_TARGET = 17.0;
				LD_RUNPATH_SEARCH_PATHS = (
					"$(inherited)",
					"@executable_path/Frameworks",
				);
				MARKETING_VERSION = 1.0;
				PRODUCT_BUNDLE_IDENTIFIER = jp.junya.WellNews;
				PRODUCT_NAME = "$(TARGET_NAME)";
				STRING_CATALOG_GENERATE_SYMBOLS = YES;
				SWIFT_APPROACHABLE_CONCURRENCY = YES;
				SWIFT_DEFAULT_ACTOR_ISOLATION = MainActor;
				SWIFT_EMIT_LOC_STRINGS = YES;
				SWIFT_UPCOMING_FEATURE_MEMBER_IMPORT_VISIBILITY = YES;
				SWIFT_VERSION = 5.0;
				TARGETED_DEVICE_FAMILY = "1,2";
			};
			name = Release;
		};
		773613C016CD20CAB25F05EA /* Debug */ = {
			isa = XCBuildConfiguration;
			buildSettings = {
				CLANG_ENABLE_OBJC_WEAK = NO;
				CODE_SIGN_ENTITLEMENTS = WellNewsWidget/WellNewsWidget.entitlements;
				CODE_SIGN_STYLE = Automatic;
				DEVELOPMENT_TEAM = 2595AXVHS5;
				GENERATE_INFOPLIST_FILE = NO;
				INFOPLIST_FILE = WellNewsWidget/Info.plist;
				INFOPLIST_KEY_CFBundleDisplayName = WellNewsWidget;
				INFOPLIST_KEY_NSExtension_NSExtensionPointIdentifier = "com.apple.widgetkit-extension";
				IPHONEOS_DEPLOYMENT_TARGET = 17.0;
				LD_RUNPATH_SEARCH_PATHS = (
					"$(inherited)",
					"@executable_path/Frameworks",
					"@executable_path/../../Frameworks",
				);
				PRODUCT_BUNDLE_IDENTIFIER = jp.junya.WellNews.WellNewsWidget;
				PRODUCT_NAME = WellNewsWidget;
				SDKROOT = iphoneos;
				SKIP_INSTALL = YES;
				SWIFT_VERSION = 5.0;
				TARGETED_DEVICE_FAMILY = "1,2";
				WRAPPER_EXTENSION = appex;
			};
			name = Debug;
		};
/* End XCBuildConfiguration section */

/* Begin XCConfigurationList section */
		142A63962FCF7308002D501F /* Build configuration list for PBXProject "WellNews" */ = {
			isa = XCConfigurationList;
			buildConfigurations = (
				142A63A42FCF7309002D501F /* Debug */,
				142A63A52FCF7309002D501F /* Release */,
			);
			defaultConfigurationIsVisible = 0;
			defaultConfigurationName = Release;
		};
		142A63A62FCF7309002D501F /* Build configuration list for PBXNativeTarget "WellNews" */ = {
			isa = XCConfigurationList;
			buildConfigurations = (
				142A63A72FCF7309002D501F /* Debug */,
				142A63A82FCF7309002D501F /* Release */,
			);
			defaultConfigurationIsVisible = 0;
			defaultConfigurationName = Release;
		};
		E0762F3F309AAEB5B61D1A7B /* Build configuration list for PBXNativeTarget "WellNewsWidget" */ = {
			isa = XCConfigurationList;
			buildConfigurations = (
				08889333CB36A031DB116E5C /* Release */,
				773613C016CD20CAB25F05EA /* Debug */,
			);
			defaultConfigurationIsVisible = 0;
			defaultConfigurationName = Release;
		};
/* End XCConfigurationList section */

/* Begin XCRemoteSwiftPackageReference section */
		072DD845FC49384BE5A72588 /* XCRemoteSwiftPackageReference "swift-package-manager-google-mobile-ads" */ = {
			isa = XCRemoteSwiftPackageReference;
			repositoryURL = "https://github.com/googleads/swift-package-manager-google-mobile-ads.git";
			requirement = {
				kind = upToNextMajorVersion;
				minimumVersion = 13.0.0;
			};
		};
/* End XCRemoteSwiftPackageReference section */

/* Begin XCSwiftPackageProductDependency section */
		2F06FEA14477D5B2EE04A045 /* GoogleMobileAds */ = {
			isa = XCSwiftPackageProductDependency;
			package = 072DD845FC49384BE5A72588 /* XCRemoteSwiftPackageReference "swift-package-manager-google-mobile-ads" */;
			productName = GoogleMobileAds;
		};
/* End XCSwiftPackageProductDependency section */
	};
	rootObject = 142A63932FCF7308002D501F /* Project object */;
}
